PODS:
  - bonsoir_darwin (0.0.1):
    - Flutter
    - FlutterMacOS
  - connectivity_plus (0.0.1):
    - Flutter
    - FlutterMacOS
  - FlutterMacOS (1.0.0)
  - media_kit_libs_macos_video (1.0.4):
    - FlutterMacOS
  - media_kit_native_event_loop (1.0.0):
    - FlutterMacOS
  - media_kit_video (0.0.1):
    - FlutterMacOS
  - package_info_plus (0.0.1):
    - FlutterMacOS
  - path_provider_foundation (0.0.1):
    - Flutter
    - FlutterMacOS
  - screen_brightness_macos (0.1.0):
    - FlutterMacOS
  - sqlite3 (3.48.0):
    - sqlite3/common (= 3.48.0)
  - sqlite3/common (3.48.0)
  - sqlite3/dbstatvtab (3.48.0):
    - sqlite3/common
  - sqlite3/fts5 (3.48.0):
    - sqlite3/common
  - sqlite3/perf-threadsafe (3.48.0):
    - sqlite3/common
  - sqlite3/rtree (3.48.0):
    - sqlite3/common
  - sqlite3_flutter_libs (0.0.1):
    - Flutter
    - FlutterMacOS
    - sqlite3 (~> 3.48.0)
    - sqlite3/dbstatvtab
    - sqlite3/fts5
    - sqlite3/perf-threadsafe
    - sqlite3/rtree
  - wakelock_plus (0.0.1):
    - FlutterMacOS

DEPENDENCIES:
  - bonsoir_darwin (from `Flutter/ephemeral/.symlinks/plugins/bonsoir_darwin/darwin`)
  - connectivity_plus (from `Flutter/ephemeral/.symlinks/plugins/connectivity_plus/darwin`)
  - FlutterMacOS (from `Flutter/ephemeral`)
  - media_kit_libs_macos_video (from `Flutter/ephemeral/.symlinks/plugins/media_kit_libs_macos_video/macos`)
  - media_kit_native_event_loop (from `Flutter/ephemeral/.symlinks/plugins/media_kit_native_event_loop/macos`)
  - media_kit_video (from `Flutter/ephemeral/.symlinks/plugins/media_kit_video/macos`)
  - package_info_plus (from `Flutter/ephemeral/.symlinks/plugins/package_info_plus/macos`)
  - path_provider_foundation (from `Flutter/ephemeral/.symlinks/plugins/path_provider_foundation/darwin`)
  - screen_brightness_macos (from `Flutter/ephemeral/.symlinks/plugins/screen_brightness_macos/macos`)
  - sqlite3_flutter_libs (from `Flutter/ephemeral/.symlinks/plugins/sqlite3_flutter_libs/darwin`)
  - wakelock_plus (from `Flutter/ephemeral/.symlinks/plugins/wakelock_plus/macos`)

SPEC REPOS:
  trunk:
    - sqlite3

EXTERNAL SOURCES:
  bonsoir_darwin:
    :path: Flutter/ephemeral/.symlinks/plugins/bonsoir_darwin/darwin
  connectivity_plus:
    :path: Flutter/ephemeral/.symlinks/plugins/connectivity_plus/darwin
  FlutterMacOS:
    :path: Flutter/ephemeral
  media_kit_libs_macos_video:
    :path: Flutter/ephemeral/.symlinks/plugins/media_kit_libs_macos_video/macos
  media_kit_native_event_loop:
    :path: Flutter/ephemeral/.symlinks/plugins/media_kit_native_event_loop/macos
  media_kit_video:
    :path: Flutter/ephemeral/.symlinks/plugins/media_kit_video/macos
  package_info_plus:
    :path: Flutter/ephemeral/.symlinks/plugins/package_info_plus/macos
  path_provider_foundation:
    :path: Flutter/ephemeral/.symlinks/plugins/path_provider_foundation/darwin
  screen_brightness_macos:
    :path: Flutter/ephemeral/.symlinks/plugins/screen_brightness_macos/macos
  sqlite3_flutter_libs:
    :path: Flutter/ephemeral/.symlinks/plugins/sqlite3_flutter_libs/darwin
  wakelock_plus:
    :path: Flutter/ephemeral/.symlinks/plugins/wakelock_plus/macos

SPEC CHECKSUMS:
  bonsoir_darwin: 29c7ccf356646118844721f36e1de4b61f6cbd0e
  connectivity_plus: 2256d3e20624a7749ed21653aafe291a46446fee
  FlutterMacOS: 8f6f14fa908a6fb3fba0cd85dbd81ec4b251fb24
  media_kit_libs_macos_video: 85a23e549b5f480e72cae3e5634b5514bc692f65
  media_kit_native_event_loop: a80d071c835c612fd80173e79390a50ec409f1b1
  media_kit_video: fa6564e3799a0a28bff39442334817088b7ca758
  package_info_plus: f0052d280d17aa382b932f399edf32507174e870
  path_provider_foundation: 080d55be775b7414fd5a5ef3ac137b97b097e564
  screen_brightness_macos: 2a3ee243f8051c340381e8e51bcedced8360f421
  sqlite3: 3da10a59910c809fb584a93aa46a3f05b785e12e
  sqlite3_flutter_libs: c26d86af4ad88f1465dc4e07e6dc6931eef228e4
  wakelock_plus: 21ddc249ac4b8d018838dbdabd65c5976c308497

PODFILE CHECKSUM: 9ebaf0ce3d369aaa26a9ea0e159195ed94724cf3

COCOAPODS: 1.16.2
